FORGE
  remote: https://forgeapi.puppetlabs.com
  specs:
    puppetlabs-stdlib (4.21.0)
    thekevjames-homebrew (1.7.1)
      puppetlabs-stdlib (< 5.0.0, >= 4.2.0)

GIT
  remote: https://github.com/keeleysam/puppet-macdefaults.git
  ref: master
  sha: 8a8be836d8b9402f2a1d9b06b4425e2531025622
  specs:
    grahamgilbert-macdefaults (0.0.1)

DEPENDENCIES
  grahamgilbert-macdefaults (>= 0)
  thekevjames-homebrew (= 1.7.1)

