FORGE
  remote: https://forgeapi.puppetlabs.com
  specs:
    puppetlabs-stdlib (4.21.0)
    thekevjames-homebrew (1.7.1)
      puppetlabs-stdlib (< 5.0.0, >= 4.2.0)

GIT
  remote: git@github.com:robturtle/puppet-macdefaults.git
  ref: master
  sha: fa8141f77b419d1e4caaee2c4fe2c285b0f02947
  specs:
    grahamgilbert-macdefaults (0.0.1)

DEPENDENCIES
  grahamgilbert-macdefaults (>= 0)
  thekevjames-homebrew (= 1.7.1)

